<Solution>
  <Folder Name="/src/">
    <Project Path="src/GlamourerBulkEditor.Core/GlamourerBulkEditor.Core.csproj" />
    <Project Path="src/GlamourerBulkEditor.Plugin/GlamourerBulkEditor.Plugin.csproj">
      <Platform Project="x64" />
    </Project>
  </Folder>
  <Folder Name="/tests/">
    <Project Path="tests/GlamourerBulkEditor.Core.Tests/GlamourerBulkEditor.Core.Tests.csproj" />
  </Folder>
</Solution>
